
Microsoft Visual Studio Solution File, Format Version 12.00
# Visual Studio Version 16
VisualStudioVersion = 16.0.30907.101
MinimumVisualStudioVersion = 10.0.40219.1
Project("{FAE04EC0-301F-11D3-BF4B-00C04F79EFBC}") = "ExercicioPropostoCompsicao01", "ExercicioPropostoCompsicao01\ExercicioPropostoCompsicao01.csproj", "{9FF51BB9-8ABD-45C7-9F9D-1BD673D22794}"
EndProject
Global
	GlobalSection(SolutionConfigurationPlatforms) = preSolution
		Debug|Any CPU = Debug|Any CPU
		Release|Any CPU = Release|Any CPU
	EndGlobalSection
	GlobalSection(ProjectConfigurationPlatforms) = postSolution
		{9FF51BB9-8ABD-45C7-9F9D-1BD673D22794}.Debug|Any CPU.ActiveCfg = Debug|Any CPU
		{9FF51BB9-8ABD-45C7-9F9D-1BD673D22794}.Debug|Any CPU.Build.0 = Debug|Any CPU
		{9FF51BB9-8ABD-45C7-9F9D-1BD673D22794}.Release|Any CPU.ActiveCfg = Release|Any CPU
		{9FF51BB9-8ABD-45C7-9F9D-1BD673D22794}.Release|Any CPU.Build.0 = Release|Any CPU
	EndGlobalSection
	GlobalSection(SolutionProperties) = preSolution
		HideSolutionNode = FALSE
	EndGlobalSection
	GlobalSection(ExtensibilityGlobals) = postSolution
		SolutionGuid = {0CC9AF2A-DF24-468E-AA63-B0D12F2DAF2B}
	EndGlobalSection
EndGlobal
